
Microsoft Visual Studio Solution File, Format Version 12.00
# Visual Studio Version 17
VisualStudioVersion = 17.0.31903.59
MinimumVisualStudioVersion = 10.0.40219.1
Project("{FAE04EC0-301F-11D3-BF4B-00C04F79EFBC}") = "Day01", "Day01\Day01.csproj", "{57658875-C1F0-4BF2-9C7F-A3BBEC640669}"
EndProject
Project("{FAE04EC0-301F-11D3-BF4B-00C04F79EFBC}") = "Day02", "Day02\Day02.csproj", "{A916EB7E-F6B8-408B-8609-A5B607318CB8}"
EndProject
Project("{FAE04EC0-301F-11D3-BF4B-00C04F79EFBC}") = "Day03", "Day03\Day03.csproj", "{8837B1AF-E082-4734-A6E0-356F1EFC1913}"
EndProject
Project("{FAE04EC0-301F-11D3-BF4B-00C04F79EFBC}") = "Day04", "Day04\Day04.csproj", "{E3658ABE-0474-4C00-A36D-818C1D847EEC}"
EndProject
Project("{FAE04EC0-301F-11D3-BF4B-00C04F79EFBC}") = "Day05", "Day05\Day05.csproj", "{9B44470A-72C6-4EE3-B8F3-150DE1066672}"
EndProject
Project("{FAE04EC0-301F-11D3-BF4B-00C04F79EFBC}") = "Day06", "Day06\Day06.csproj", "{8D39EEEF-A912-43A3-84DF-EC978959D323}"
EndProject
Project("{FAE04EC0-301F-11D3-BF4B-00C04F79EFBC}") = "Day07", "Day07\Day07.csproj", "{A1AC8B71-1D43-4EF1-A0B0-A5A22677A631}"
EndProject
Global
	GlobalSection(SolutionConfigurationPlatforms) = preSolution
		Debug|Any CPU = Debug|Any CPU
		Debug|x64 = Debug|x64
		Debug|x86 = Debug|x86
		Release|Any CPU = Release|Any CPU
		Release|x64 = Release|x64
		Release|x86 = Release|x86
	EndGlobalSection
	GlobalSection(ProjectConfigurationPlatforms) = postSolution
		{57658875-C1F0-4BF2-9C7F-A3BBEC640669}.Debug|Any CPU.ActiveCfg = Debug|Any CPU
		{57658875-C1F0-4BF2-9C7F-A3BBEC640669}.Debug|Any CPU.Build.0 = Debug|Any CPU
		{57658875-C1F0-4BF2-9C7F-A3BBEC640669}.Debug|x64.ActiveCfg = Debug|Any CPU
		{57658875-C1F0-4BF2-9C7F-A3BBEC640669}.Debug|x64.Build.0 = Debug|Any CPU
		{57658875-C1F0-4BF2-9C7F-A3BBEC640669}.Debug|x86.ActiveCfg = Debug|Any CPU
		{57658875-C1F0-4BF2-9C7F-A3BBEC640669}.Debug|x86.Build.0 = Debug|Any CPU
		{57658875-C1F0-4BF2-9C7F-A3BBEC640669}.Release|Any CPU.ActiveCfg = Release|Any CPU
		{57658875-C1F0-4BF2-9C7F-A3BBEC640669}.Release|Any CPU.Build.0 = Release|Any CPU
		{57658875-C1F0-4BF2-9C7F-A3BBEC640669}.Release|x64.ActiveCfg = Release|Any CPU
		{57658875-C1F0-4BF2-9C7F-A3BBEC640669}.Release|x64.Build.0 = Release|Any CPU
		{57658875-C1F0-4BF2-9C7F-A3BBEC640669}.Release|x86.ActiveCfg = Release|Any CPU
		{57658875-C1F0-4BF2-9C7F-A3BBEC640669}.Release|x86.Build.0 = Release|Any CPU
		{A916EB7E-F6B8-408B-8609-A5B607318CB8}.Debug|Any CPU.ActiveCfg = Debug|Any CPU
		{A916EB7E-F6B8-408B-8609-A5B607318CB8}.Debug|Any CPU.Build.0 = Debug|Any CPU
		{A916EB7E-F6B8-408B-8609-A5B607318CB8}.Debug|x64.ActiveCfg = Debug|Any CPU
		{A916EB7E-F6B8-408B-8609-A5B607318CB8}.Debug|x64.Build.0 = Debug|Any CPU
		{A916EB7E-F6B8-408B-8609-A5B607318CB8}.Debug|x86.ActiveCfg = Debug|Any CPU
		{A916EB7E-F6B8-408B-8609-A5B607318CB8}.Debug|x86.Build.0 = Debug|Any CPU
		{A916EB7E-F6B8-408B-8609-A5B607318CB8}.Release|Any CPU.ActiveCfg = Release|Any CPU
		{A916EB7E-F6B8-408B-8609-A5B607318CB8}.Release|Any CPU.Build.0 = Release|Any CPU
		{A916EB7E-F6B8-408B-8609-A5B607318CB8}.Release|x64.ActiveCfg = Release|Any CPU
		{A916EB7E-F6B8-408B-8609-A5B607318CB8}.Release|x64.Build.0 = Release|Any CPU
		{A916EB7E-F6B8-408B-8609-A5B607318CB8}.Release|x86.ActiveCfg = Release|Any CPU
		{A916EB7E-F6B8-408B-8609-A5B607318CB8}.Release|x86.Build.0 = Release|Any CPU
		{8837B1AF-E082-4734-A6E0-356F1EFC1913}.Debug|Any CPU.ActiveCfg = Debug|Any CPU
		{8837B1AF-E082-4734-A6E0-356F1EFC1913}.Debug|Any CPU.Build.0 = Debug|Any CPU
		{8837B1AF-E082-4734-A6E0-356F1EFC1913}.Debug|x64.ActiveCfg = Debug|Any CPU
		{8837B1AF-E082-4734-A6E0-356F1EFC1913}.Debug|x64.Build.0 = Debug|Any CPU
		{8837B1AF-E082-4734-A6E0-356F1EFC1913}.Debug|x86.ActiveCfg = Debug|Any CPU
		{8837B1AF-E082-4734-A6E0-356F1EFC1913}.Debug|x86.Build.0 = Debug|Any CPU
		{8837B1AF-E082-4734-A6E0-356F1EFC1913}.Release|Any CPU.ActiveCfg = Release|Any CPU
		{8837B1AF-E082-4734-A6E0-356F1EFC1913}.Release|Any CPU.Build.0 = Release|Any CPU
		{8837B1AF-E082-4734-A6E0-356F1EFC1913}.Release|x64.ActiveCfg = Release|Any CPU
		{8837B1AF-E082-4734-A6E0-356F1EFC1913}.Release|x64.Build.0 = Release|Any CPU
		{8837B1AF-E082-4734-A6E0-356F1EFC1913}.Release|x86.ActiveCfg = Release|Any CPU
		{8837B1AF-E082-4734-A6E0-356F1EFC1913}.Release|x86.Build.0 = Release|Any CPU
		{E3658ABE-0474-4C00-A36D-818C1D847EEC}.Debug|Any CPU.ActiveCfg = Debug|Any CPU
		{E3658ABE-0474-4C00-A36D-818C1D847EEC}.Debug|Any CPU.Build.0 = Debug|Any CPU
		{E3658ABE-0474-4C00-A36D-818C1D847EEC}.Debug|x64.ActiveCfg = Debug|Any CPU
		{E3658ABE-0474-4C00-A36D-818C1D847EEC}.Debug|x64.Build.0 = Debug|Any CPU
		{E3658ABE-0474-4C00-A36D-818C1D847EEC}.Debug|x86.ActiveCfg = Debug|Any CPU
		{E3658ABE-0474-4C00-A36D-818C1D847EEC}.Debug|x86.Build.0 = Debug|Any CPU
		{E3658ABE-0474-4C00-A36D-818C1D847EEC}.Release|Any CPU.ActiveCfg = Release|Any CPU
		{E3658ABE-0474-4C00-A36D-818C1D847EEC}.Release|Any CPU.Build.0 = Release|Any CPU
		{E3658ABE-0474-4C00-A36D-818C1D847EEC}.Release|x64.ActiveCfg = Release|Any CPU
		{E3658ABE-0474-4C00-A36D-818C1D847EEC}.Release|x64.Build.0 = Release|Any CPU
		{E3658ABE-0474-4C00-A36D-818C1D847EEC}.Release|x86.ActiveCfg = Release|Any CPU
		{E3658ABE-0474-4C00-A36D-818C1D847EEC}.Release|x86.Build.0 = Release|Any CPU
		{9B44470A-72C6-4EE3-B8F3-150DE1066672}.Debug|Any CPU.ActiveCfg = Debug|Any CPU
		{9B44470A-72C6-4EE3-B8F3-150DE1066672}.Debug|Any CPU.Build.0 = Debug|Any CPU
		{9B44470A-72C6-4EE3-B8F3-150DE1066672}.Debug|x64.ActiveCfg = Debug|Any CPU
		{9B44470A-72C6-4EE3-B8F3-150DE1066672}.Debug|x64.Build.0 = Debug|Any CPU
		{9B44470A-72C6-4EE3-B8F3-150DE1066672}.Debug|x86.ActiveCfg = Debug|Any CPU
		{9B44470A-72C6-4EE3-B8F3-150DE1066672}.Debug|x86.Build.0 = Debug|Any CPU
		{9B44470A-72C6-4EE3-B8F3-150DE1066672}.Release|Any CPU.ActiveCfg = Release|Any CPU
		{9B44470A-72C6-4EE3-B8F3-150DE1066672}.Release|Any CPU.Build.0 = Release|Any CPU
		{9B44470A-72C6-4EE3-B8F3-150DE1066672}.Release|x64.ActiveCfg = Release|Any CPU
		{9B44470A-72C6-4EE3-B8F3-150DE1066672}.Release|x64.Build.0 = Release|Any CPU
		{9B44470A-72C6-4EE3-B8F3-150DE1066672}.Release|x86.ActiveCfg = Release|Any CPU
		{9B44470A-72C6-4EE3-B8F3-150DE1066672}.Release|x86.Build.0 = Release|Any CPU
		{8D39EEEF-A912-43A3-84DF-EC978959D323}.Debug|Any CPU.ActiveCfg = Debug|Any CPU
		{8D39EEEF-A912-43A3-84DF-EC978959D323}.Debug|Any CPU.Build.0 = Debug|Any CPU
		{8D39EEEF-A912-43A3-84DF-EC978959D323}.Debug|x64.ActiveCfg = Debug|Any CPU
		{8D39EEEF-A912-43A3-84DF-EC978959D323}.Debug|x64.Build.0 = Debug|Any CPU
		{8D39EEEF-A912-43A3-84DF-EC978959D323}.Debug|x86.ActiveCfg = Debug|Any CPU
		{8D39EEEF-A912-43A3-84DF-EC978959D323}.Debug|x86.Build.0 = Debug|Any CPU
		{8D39EEEF-A912-43A3-84DF-EC978959D323}.Release|Any CPU.ActiveCfg = Release|Any CPU
		{8D39EEEF-A912-43A3-84DF-EC978959D323}.Release|Any CPU.Build.0 = Release|Any CPU
		{8D39EEEF-A912-43A3-84DF-EC978959D323}.Release|x64.ActiveCfg = Release|Any CPU
		{8D39EEEF-A912-43A3-84DF-EC978959D323}.Release|x64.Build.0 = Release|Any CPU
		{8D39EEEF-A912-43A3-84DF-EC978959D323}.Release|x86.ActiveCfg = Release|Any CPU
		{8D39EEEF-A912-43A3-84DF-EC978959D323}.Release|x86.Build.0 = Release|Any CPU
		{A1AC8B71-1D43-4EF1-A0B0-A5A22677A631}.Debug|Any CPU.ActiveCfg = Debug|Any CPU
		{A1AC8B71-1D43-4EF1-A0B0-A5A22677A631}.Debug|Any CPU.Build.0 = Debug|Any CPU
		{A1AC8B71-1D43-4EF1-A0B0-A5A22677A631}.Debug|x64.ActiveCfg = Debug|Any CPU
		{A1AC8B71-1D43-4EF1-A0B0-A5A22677A631}.Debug|x64.Build.0 = Debug|Any CPU
		{A1AC8B71-1D43-4EF1-A0B0-A5A22677A631}.Debug|x86.ActiveCfg = Debug|Any CPU
		{A1AC8B71-1D43-4EF1-A0B0-A5A22677A631}.Debug|x86.Build.0 = Debug|Any CPU
		{A1AC8B71-1D43-4EF1-A0B0-A5A22677A631}.Release|Any CPU.ActiveCfg = Release|Any CPU
		{A1AC8B71-1D43-4EF1-A0B0-A5A22677A631}.Release|Any CPU.Build.0 = Release|Any CPU
		{A1AC8B71-1D43-4EF1-A0B0-A5A22677A631}.Release|x64.ActiveCfg = Release|Any CPU
		{A1AC8B71-1D43-4EF1-A0B0-A5A22677A631}.Release|x64.Build.0 = Release|Any CPU
		{A1AC8B71-1D43-4EF1-A0B0-A5A22677A631}.Release|x86.ActiveCfg = Release|Any CPU
		{A1AC8B71-1D43-4EF1-A0B0-A5A22677A631}.Release|x86.Build.0 = Release|Any CPU
	EndGlobalSection
	GlobalSection(SolutionProperties) = preSolution
		HideSolutionNode = FALSE
	EndGlobalSection
EndGlobal
